
Microsoft Visual Studio Solution File, Format Version 12.00
# Visual Studio Version 17
VisualStudioVersion = 17.1.32210.238
MinimumVisualStudioVersion = 10.0.40219.1
Project("{FAE04EC0-301F-11D3-BF4B-00C04F79EFBC}") = "Tic-Tac-Toe Game", "Tic-Tac-Toe Game\Tic-Tac-Toe Game.csproj", "{D891CEEF-4FA5-4759-8E5B-6C74D0A92894}"
EndProject
Global
	GlobalSection(SolutionConfigurationPlatforms) = preSolution
		Debug|Any CPU = Debug|Any CPU
		Release|Any CPU = Release|Any CPU
	EndGlobalSection
	GlobalSection(ProjectConfigurationPlatforms) = postSolution
		{D891CEEF-4FA5-4759-8E5B-6C74D0A92894}.Debug|Any CPU.ActiveCfg = Debug|Any CPU
		{D891CEEF-4FA5-4759-8E5B-6C74D0A92894}.Debug|Any CPU.Build.0 = Debug|Any CPU
		{D891CEEF-4FA5-4759-8E5B-6C74D0A92894}.Release|Any CPU.ActiveCfg = Release|Any CPU
		{D891CEEF-4FA5-4759-8E5B-6C74D0A92894}.Release|Any CPU.Build.0 = Release|Any CPU
	EndGlobalSection
	GlobalSection(SolutionProperties) = preSolution
		HideSolutionNode = FALSE
	EndGlobalSection
	GlobalSection(ExtensibilityGlobals) = postSolution
		SolutionGuid = {B7987175-15A8-46A1-A21D-BE040F516489}
	EndGlobalSection
EndGlobal
